
Microsoft Visual Studio Solution File, Format Version 12.00
# Visual Studio Version 17
VisualStudioVersion = 17.5.33516.290
MinimumVisualStudioVersion = 10.0.40219.1
Project("{2150E333-8FDC-42A3-9474-1A3956D46DE8}") = "src", "src", "{490DF1DB-6A87-4FE4-A22F-00746B5D5B7D}"
EndProject
Project("{2150E333-8FDC-42A3-9474-1A3956D46DE8}") = "Application", "Application", "{301B8C1E-EDD8-4D88-92CE-84E29194C87D}"
EndProject
Project("{2150E333-8FDC-42A3-9474-1A3956D46DE8}") = "Infrastructure", "Infrastructure", "{9E27FBDD-9A52-4048-A0C4-E4DD925BF7A1}"
EndProject
Project("{2150E333-8FDC-42A3-9474-1A3956D46DE8}") = "Presentation", "Presentation", "{13CAFCAA-74FF-4A60-9572-40F848B4E3E4}"
EndProject
Project("{9A19103F-16F7-4668-BE54-9A1E7A4F7556}") = "AML.Api", "AML.Api\AML.Api.csproj", "{D49DE023-E6BE-44D3-9B47-28436E1BD528}"
EndProject
Project("{9A19103F-16F7-4668-BE54-9A1E7A4F7556}") = "AML.Application", "AML.Application\AML.Application.csproj", "{56FD9C81-B64A-40B3-816E-0665068EB2A1}"
EndProject
Project("{9A19103F-16F7-4668-BE54-9A1E7A4F7556}") = "AML.Model", "AML.Model\AML.Model.csproj", "{27B93C5C-41C4-405A-BCDB-20ECE7B69BC9}"
EndProject
Project("{9A19103F-16F7-4668-BE54-9A1E7A4F7556}") = "AML.ExternalApi", "AML.ExternalApi\AML.ExternalApi.csproj", "{EBE57158-0171-4363-8A14-DBA8C51A86B0}"
EndProject
Global
	GlobalSection(SolutionConfigurationPlatforms) = preSolution
		Debug|Any CPU = Debug|Any CPU
		Release|Any CPU = Release|Any CPU
	EndGlobalSection
	GlobalSection(ProjectConfigurationPlatforms) = postSolution
		{D49DE023-E6BE-44D3-9B47-28436E1BD528}.Debug|Any CPU.ActiveCfg = Debug|Any CPU
		{D49DE023-E6BE-44D3-9B47-28436E1BD528}.Debug|Any CPU.Build.0 = Debug|Any CPU
		{D49DE023-E6BE-44D3-9B47-28436E1BD528}.Release|Any CPU.ActiveCfg = Release|Any CPU
		{D49DE023-E6BE-44D3-9B47-28436E1BD528}.Release|Any CPU.Build.0 = Release|Any CPU
		{56FD9C81-B64A-40B3-816E-0665068EB2A1}.Debug|Any CPU.ActiveCfg = Debug|Any CPU
		{56FD9C81-B64A-40B3-816E-0665068EB2A1}.Debug|Any CPU.Build.0 = Debug|Any CPU
		{56FD9C81-B64A-40B3-816E-0665068EB2A1}.Release|Any CPU.ActiveCfg = Release|Any CPU
		{56FD9C81-B64A-40B3-816E-0665068EB2A1}.Release|Any CPU.Build.0 = Release|Any CPU
		{27B93C5C-41C4-405A-BCDB-20ECE7B69BC9}.Debug|Any CPU.ActiveCfg = Debug|Any CPU
		{27B93C5C-41C4-405A-BCDB-20ECE7B69BC9}.Debug|Any CPU.Build.0 = Debug|Any CPU
		{27B93C5C-41C4-405A-BCDB-20ECE7B69BC9}.Release|Any CPU.ActiveCfg = Release|Any CPU
		{27B93C5C-41C4-405A-BCDB-20ECE7B69BC9}.Release|Any CPU.Build.0 = Release|Any CPU
		{EBE57158-0171-4363-8A14-DBA8C51A86B0}.Debug|Any CPU.ActiveCfg = Debug|Any CPU
		{EBE57158-0171-4363-8A14-DBA8C51A86B0}.Debug|Any CPU.Build.0 = Debug|Any CPU
		{EBE57158-0171-4363-8A14-DBA8C51A86B0}.Release|Any CPU.ActiveCfg = Release|Any CPU
		{EBE57158-0171-4363-8A14-DBA8C51A86B0}.Release|Any CPU.Build.0 = Release|Any CPU
	EndGlobalSection
	GlobalSection(SolutionProperties) = preSolution
		HideSolutionNode = FALSE
	EndGlobalSection
	GlobalSection(NestedProjects) = preSolution
		{301B8C1E-EDD8-4D88-92CE-84E29194C87D} = {490DF1DB-6A87-4FE4-A22F-00746B5D5B7D}
		{9E27FBDD-9A52-4048-A0C4-E4DD925BF7A1} = {490DF1DB-6A87-4FE4-A22F-00746B5D5B7D}
		{13CAFCAA-74FF-4A60-9572-40F848B4E3E4} = {490DF1DB-6A87-4FE4-A22F-00746B5D5B7D}
		{D49DE023-E6BE-44D3-9B47-28436E1BD528} = {13CAFCAA-74FF-4A60-9572-40F848B4E3E4}
		{56FD9C81-B64A-40B3-816E-0665068EB2A1} = {301B8C1E-EDD8-4D88-92CE-84E29194C87D}
		{27B93C5C-41C4-405A-BCDB-20ECE7B69BC9} = {301B8C1E-EDD8-4D88-92CE-84E29194C87D}
		{EBE57158-0171-4363-8A14-DBA8C51A86B0} = {9E27FBDD-9A52-4048-A0C4-E4DD925BF7A1}
	EndGlobalSection
	GlobalSection(ExtensibilityGlobals) = postSolution
		SolutionGuid = {F8FA2571-F9A4-418B-B511-3B933FE734F4}
	EndGlobalSection
EndGlobal
